
Microsoft Visual Studio Solution File, Format Version 12.00
# Visual Studio Version 16
VisualStudioVersion = 16.0.33027.164
MinimumVisualStudioVersion = 10.0.40219.1
Project("{9A19103F-16F7-4668-BE54-9A1E7A4F7556}") = "paybyrd", "paybyrd\paybyrd.csproj", "{B3AABB17-C5E8-4DB3-B604-C84C260EBB3F}"
EndProject
Project("{FAE04EC0-301F-11D3-BF4B-00C04F79EFBC}") = "PayByrdTest", "PayByrdTest\PayByrdTest.csproj", "{43FFC0A1-0A48-45A0-84E3-FE4432B2C655}"
EndProject
Global
	GlobalSection(SolutionConfigurationPlatforms) = preSolution
		Debug|Any CPU = Debug|Any CPU
		Release|Any CPU = Release|Any CPU
	EndGlobalSection
	GlobalSection(ProjectConfigurationPlatforms) = postSolution
		{B3AABB17-C5E8-4DB3-B604-C84C260EBB3F}.Debug|Any CPU.ActiveCfg = Debug|Any CPU
		{B3AABB17-C5E8-4DB3-B604-C84C260EBB3F}.Debug|Any CPU.Build.0 = Debug|Any CPU
		{B3AABB17-C5E8-4DB3-B604-C84C260EBB3F}.Release|Any CPU.ActiveCfg = Release|Any CPU
		{B3AABB17-C5E8-4DB3-B604-C84C260EBB3F}.Release|Any CPU.Build.0 = Release|Any CPU
		{43FFC0A1-0A48-45A0-84E3-FE4432B2C655}.Debug|Any CPU.ActiveCfg = Debug|Any CPU
		{43FFC0A1-0A48-45A0-84E3-FE4432B2C655}.Debug|Any CPU.Build.0 = Debug|Any CPU
		{43FFC0A1-0A48-45A0-84E3-FE4432B2C655}.Release|Any CPU.ActiveCfg = Release|Any CPU
		{43FFC0A1-0A48-45A0-84E3-FE4432B2C655}.Release|Any CPU.Build.0 = Release|Any CPU
	EndGlobalSection
	GlobalSection(SolutionProperties) = preSolution
		HideSolutionNode = FALSE
	EndGlobalSection
	GlobalSection(ExtensibilityGlobals) = postSolution
		SolutionGuid = {51EF4E29-6433-4FAF-B521-82E3517D81CA}
	EndGlobalSection
EndGlobal
